
Microsoft Visual Studio Solution File, Format Version 12.00
# Visual Studio Version 17
VisualStudioVersion = 17.2.32630.192
MinimumVisualStudioVersion = 10.0.40219.1
Project("{9A19103F-16F7-4668-BE54-9A1E7A4F7556}") = "PiotrRadecki", "PiotrRadecki\PiotrRadecki.csproj", "{4224EB56-F2EA-479D-8F74-B0AD5A3D4775}"
EndProject
Project("{FAE04EC0-301F-11D3-BF4B-00C04F79EFBC}") = "ProjektKolkoiKrzyzyk", "ProjektKolkoiKrzyzyk\ProjektKolkoiKrzyzyk.csproj", "{7598623B-4470-47C6-8E71-5E1BE762ECD6}"
EndProject
Global
	GlobalSection(SolutionConfigurationPlatforms) = preSolution
		Debug|Any CPU = Debug|Any CPU
		Release|Any CPU = Release|Any CPU
	EndGlobalSection
	GlobalSection(ProjectConfigurationPlatforms) = postSolution
		{4224EB56-F2EA-479D-8F74-B0AD5A3D4775}.Debug|Any CPU.ActiveCfg = Debug|Any CPU
		{4224EB56-F2EA-479D-8F74-B0AD5A3D4775}.Debug|Any CPU.Build.0 = Debug|Any CPU
		{4224EB56-F2EA-479D-8F74-B0AD5A3D4775}.Release|Any CPU.ActiveCfg = Release|Any CPU
		{4224EB56-F2EA-479D-8F74-B0AD5A3D4775}.Release|Any CPU.Build.0 = Release|Any CPU
		{7598623B-4470-47C6-8E71-5E1BE762ECD6}.Debug|Any CPU.ActiveCfg = Debug|Any CPU
		{7598623B-4470-47C6-8E71-5E1BE762ECD6}.Debug|Any CPU.Build.0 = Debug|Any CPU
		{7598623B-4470-47C6-8E71-5E1BE762ECD6}.Release|Any CPU.ActiveCfg = Release|Any CPU
		{7598623B-4470-47C6-8E71-5E1BE762ECD6}.Release|Any CPU.Build.0 = Release|Any CPU
	EndGlobalSection
	GlobalSection(SolutionProperties) = preSolution
		HideSolutionNode = FALSE
	EndGlobalSection
	GlobalSection(ExtensibilityGlobals) = postSolution
		SolutionGuid = {FB3EBBCC-2D72-4664-B9E6-38AE3FCFCB25}
	EndGlobalSection
EndGlobal
